// !$*UTF8*$!
{
	archiveVersion = 1;
	classes = {
	};
	objectVersion = 56;
	objects = {

/* Begin PBXBuildFile section */
		920B5CF62BBD72300070E2BC /* CartesDeMotsApp.swift in Sources */ = {isa = PBXBuildFile; fileRef = 920B5CF52BBD72300070E2BC /* CartesDeMotsApp.swift */; };
		920B5CF82BBD72300070E2BC /* ContentView.swift in Sources */ = {isa = PBXBuildFile; fileRef = 920B5CF72BBD72300070E2BC /* ContentView.swift */; };
		920B5CFA2BBD72310070E2BC /* Assets.xcassets in Resources */ = {isa = PBXBuildFile; fileRef = 920B5CF92BBD72310070E2BC /* Assets.xcassets */; };
		920B5CFD2BBD72310070E2BC /* Preview Assets.xcassets in Resources */ = {isa = PBXBuildFile; fileRef = 920B5CFC2BBD72310070E2BC /* Preview Assets.xcassets */; };
		920B5D072BBD74890070E2BC /* MainTabView.swift in Sources */ = {isa = PBXBuildFile; fileRef = 920B5D062BBD74890070E2BC /* MainTabView.swift */; };
		920B5D092BBD75380070E2BC /* Tab.swift in Sources */ = {isa = PBXBuildFile; fileRef = 920B5D082BBD75380070E2BC /* Tab.swift */; };
		920B5D0B2BBD924C0070E2BC /* TabBarItemView.swift in Sources */ = {isa = PBXBuildFile; fileRef = 920B5D0A2BBD924C0070E2BC /* TabBarItemView.swift */; };
		920B5D0F2BBDCDF40070E2BC /* CardsView.swift in Sources */ = {isa = PBXBuildFile; fileRef = 920B5D0E2BBDCDF40070E2BC /* CardsView.swift */; };
		920B5D112BBEA9F90070E2BC /* CardItemView.swift in Sources */ = {isa = PBXBuildFile; fileRef = 920B5D102BBEA9F90070E2BC /* CardItemView.swift */; };
		920B5D132BBED8EC0070E2BC /* LearnView.swift in Sources */ = {isa = PBXBuildFile; fileRef = 920B5D122BBED8EC0070E2BC /* LearnView.swift */; };
		920B5D152BBED94A0070E2BC /* ResourcesView.swift in Sources */ = {isa = PBXBuildFile; fileRef = 920B5D142BBED94A0070E2BC /* ResourcesView.swift */; };
		920B5D172BBED95A0070E2BC /* SettingsView.swift in Sources */ = {isa = PBXBuildFile; fileRef = 920B5D162BBED95A0070E2BC /* SettingsView.swift */; };
		921D6E752F09B02F00356C15 /* MoreAppsView.swift in Sources */ = {isa = PBXBuildFile; fileRef = 921D6E742F09B02F00356C15 /* MoreAppsView.swift */; };
		921D6E772F09B07700356C15 /* HowToUseView.swift in Sources */ = {isa = PBXBuildFile; fileRef = 921D6E762F09B07700356C15 /* HowToUseView.swift */; };
		921D6E7B2F0A5A7B00356C15 /* SearchView.swift in Sources */ = {isa = PBXBuildFile; fileRef = 921D6E7A2F0A5A7B00356C15 /* SearchView.swift */; };
		921ED5FC2C3A760C00EDE003 /* Localizable.strings in Resources */ = {isa = PBXBuildFile; fileRef = 921ED5FA2C3A760C00EDE003 /* Localizable.strings */; };
		924064732C35C6D800BBA95B /* Settings.swift in Sources */ = {isa = PBXBuildFile; fileRef = 924064722C35C6D800BBA95B /* Settings.swift */; };
		92545E8B2BFF57C000071E57 /* Card.swift in Sources */ = {isa = PBXBuildFile; fileRef = 92545E8A2BFF57C000071E57 /* Card.swift */; };
		92805D732C3BC97A00F69ED6 /* README.md in Resources */ = {isa = PBXBuildFile; fileRef = 92805D722C3BC97A00F69ED6 /* README.md */; };
		928AD8982F0964E200F58694 /* LexiSwipe.icon in Resources */ = {isa = PBXBuildFile; fileRef = 928AD8972F0964E200F58694 /* LexiSwipe.icon */; };
		9291E5D82C36BC1F00DA3383 /* HapticManager.swift in Sources */ = {isa = PBXBuildFile; fileRef = 9291E5D72C36BC1F00DA3383 /* HapticManager.swift */; };
		92A537BB2BFE2A01000F77C6 /* Pow in Frameworks */ = {isa = PBXBuildFile; productRef = 92A537BA2BFE2A01000F77C6 /* Pow */; };
		92C3AF0A2C31A93E00A49AFF /* Resource.swift in Sources */ = {isa = PBXBuildFile; fileRef = 92C3AF092C31A93E00A49AFF /* Resource.swift */; };
		92C3AF0C2C31CECF00A49AFF /* LearnViewModel.swift in Sources */ = {isa = PBXBuildFile; fileRef = 92C3AF0B2C31CECF00A49AFF /* LearnViewModel.swift */; };
		92D519DB2D4EAB3B0054C548 /* LongPressButtonView.swift in Sources */ = {isa = PBXBuildFile; fileRef = 92D519DA2D4EAB2B0054C548 /* LongPressButtonView.swift */; };
		92E68EE92BEA874A00CFDF89 /* GlassView.swift in Sources */ = {isa = PBXBuildFile; fileRef = 92E68EE82BEA874A00CFDF89 /* GlassView.swift */; };
		92E68EEB2BEB778900CFDF89 /* ResourceItemView.swift in Sources */ = {isa = PBXBuildFile; fileRef = 92E68EEA2BEB778900CFDF89 /* ResourceItemView.swift */; };
		92E68EED2BEB849700CFDF89 /* NewWordView.swift in Sources */ = {isa = PBXBuildFile; fileRef = 92E68EEC2BEB849700CFDF89 /* NewWordView.swift */; };
		92E68EEF2BEB84A900CFDF89 /* NewLinkView.swift in Sources */ = {isa = PBXBuildFile; fileRef = 92E68EEE2BEB84A900CFDF89 /* NewLinkView.swift */; };
		92E68EF12BEB883A00CFDF89 /* GlassTextFieldView.swift in Sources */ = {isa = PBXBuildFile; fileRef = 92E68EF02BEB883A00CFDF89 /* GlassTextFieldView.swift */; };
		92E68EF32BEB93AF00CFDF89 /* FlagPickerView.swift in Sources */ = {isa = PBXBuildFile; fileRef = 92E68EF22BEB93AF00CFDF89 /* FlagPickerView.swift */; };
		92E68EF52BEB9BDE00CFDF89 /* CardsViewModel.swift in Sources */ = {isa = PBXBuildFile; fileRef = 92E68EF42BEB9BDE00CFDF89 /* CardsViewModel.swift */; };
		92E68EF72BEB9F2200CFDF89 /* ModalHandler.swift in Sources */ = {isa = PBXBuildFile; fileRef = 92E68EF62BEB9F2200CFDF89 /* ModalHandler.swift */; };
		92E68EF92BEBE21D00CFDF89 /* ResourcesViewModel.swift in Sources */ = {isa = PBXBuildFile; fileRef = 92E68EF82BEBE21D00CFDF89 /* ResourcesViewModel.swift */; };
/* End PBXBuildFile section */

/* Begin PBXFileReference section */
		920B5CF22BBD72300070E2BC /* CartesDeMots.app */ = {isa = PBXFileReference; explicitFileType = wrapper.application; includeInIndex = 0; path = CartesDeMots.app; sourceTree = BUILT_PRODUCTS_DIR; };
		920B5CF52BBD72300070E2BC /* CartesDeMotsApp.swift */ = {isa = PBXFileReference; lastKnownFileType = sourcecode.swift; path = CartesDeMotsApp.swift; sourceTree = "<group>"; };
		920B5CF72BBD72300070E2BC /* ContentView.swift */ = {isa = PBXFileReference; lastKnownFileType = sourcecode.swift; path = ContentView.swift; sourceTree = "<group>"; };
		920B5CF92BBD72310070E2BC /* Assets.xcassets */ = {isa = PBXFileReference; lastKnownFileType = folder.assetcatalog; path = Assets.xcassets; sourceTree = "<group>"; };
		920B5CFC2BBD72310070E2BC /* Preview Assets.xcassets */ = {isa = PBXFileReference; lastKnownFileType = folder.assetcatalog; path = "Preview Assets.xcassets"; sourceTree = "<group>"; };
		920B5D062BBD74890070E2BC /* MainTabView.swift */ = {isa = PBXFileReference; lastKnownFileType = sourcecode.swift; path = MainTabView.swift; sourceTree = "<group>"; };
		920B5D082BBD75380070E2BC /* Tab.swift */ = {isa = PBXFileReference; lastKnownFileType = sourcecode.swift; path = Tab.swift; sourceTree = "<group>"; };
		920B5D0A2BBD924C0070E2BC /* TabBarItemView.swift */ = {isa = PBXFileReference; lastKnownFileType = sourcecode.swift; path = TabBarItemView.swift; sourceTree = "<group>"; };
		920B5D0E2BBDCDF40070E2BC /* CardsView.swift */ = {isa = PBXFileReference; lastKnownFileType = sourcecode.swift; path = CardsView.swift; sourceTree = "<group>"; };
		920B5D102BBEA9F90070E2BC /* CardItemView.swift */ = {isa = PBXFileReference; lastKnownFileType = sourcecode.swift; path = CardItemView.swift; sourceTree = "<group>"; };
		920B5D122BBED8EC0070E2BC /* LearnView.swift */ = {isa = PBXFileReference; lastKnownFileType = sourcecode.swift; path = LearnView.swift; sourceTree = "<group>"; };
		920B5D142BBED94A0070E2BC /* ResourcesView.swift */ = {isa = PBXFileReference; lastKnownFileType = sourcecode.swift; path = ResourcesView.swift; sourceTree = "<group>"; };
		920B5D162BBED95A0070E2BC /* SettingsView.swift */ = {isa = PBXFileReference; lastKnownFileType = sourcecode.swift; path = SettingsView.swift; sourceTree = "<group>"; };
		921D6E742F09B02F00356C15 /* MoreAppsView.swift */ = {isa = PBXFileReference; lastKnownFileType = sourcecode.swift; path = MoreAppsView.swift; sourceTree = "<group>"; };
		921D6E762F09B07700356C15 /* HowToUseView.swift */ = {isa = PBXFileReference; lastKnownFileType = sourcecode.swift; path = HowToUseView.swift; sourceTree = "<group>"; };
		921D6E7A2F0A5A7B00356C15 /* SearchView.swift */ = {isa = PBXFileReference; lastKnownFileType = sourcecode.swift; path = SearchView.swift; sourceTree = "<group>"; };
		921ED5FB2C3A760C00EDE003 /* en */ = {isa = PBXFileReference; lastKnownFileType = text.plist.strings; name = en; path = en.lproj/Localizable.strings; sourceTree = "<group>"; };
		921ED5FD2C3A76A900EDE003 /* fr */ = {isa = PBXFileReference; lastKnownFileType = text.plist.strings; name = fr; path = fr.lproj/Localizable.strings; sourceTree = "<group>"; };
		921ED5FE2C3A76AA00EDE003 /* ru */ = {isa = PBXFileReference; lastKnownFileType = text.plist.strings; name = ru; path = ru.lproj/Localizable.strings; sourceTree = "<group>"; };
		924064722C35C6D800BBA95B /* Settings.swift */ = {isa = PBXFileReference; lastKnownFileType = sourcecode.swift; path = Settings.swift; sourceTree = "<group>"; };
		9246E7DF2C3AEA9D0003614C /* CartesDeMotsRelease.entitlements */ = {isa = PBXFileReference; lastKnownFileType = text.plist.entitlements; path = CartesDeMotsRelease.entitlements; sourceTree = "<group>"; };
		92545E8A2BFF57C000071E57 /* Card.swift */ = {isa = PBXFileReference; lastKnownFileType = sourcecode.swift; path = Card.swift; sourceTree = "<group>"; };
		92805D722C3BC97A00F69ED6 /* README.md */ = {isa = PBXFileReference; lastKnownFileType = net.daringfireball.markdown; path = README.md; sourceTree = "<group>"; };
		928AD8972F0964E200F58694 /* LexiSwipe.icon */ = {isa = PBXFileReference; lastKnownFileType = folder.iconcomposer.icon; path = LexiSwipe.icon; sourceTree = "<group>"; };
		9291E5D72C36BC1F00DA3383 /* HapticManager.swift */ = {isa = PBXFileReference; lastKnownFileType = sourcecode.swift; path = HapticManager.swift; sourceTree = "<group>"; };
		92C3AF072C318E1B00A49AFF /* CartesDeMots.entitlements */ = {isa = PBXFileReference; lastKnownFileType = text.plist.entitlements; path = CartesDeMots.entitlements; sourceTree = "<group>"; };
		92C3AF082C318F7900A49AFF /* Info.plist */ = {isa = PBXFileReference; lastKnownFileType = text.plist; path = Info.plist; sourceTree = "<group>"; };
		92C3AF092C31A93E00A49AFF /* Resource.swift */ = {isa = PBXFileReference; lastKnownFileType = sourcecode.swift; path = Resource.swift; sourceTree = "<group>"; };
		92C3AF0B2C31CECF00A49AFF /* LearnViewModel.swift */ = {isa = PBXFileReference; lastKnownFileType = sourcecode.swift; path = LearnViewModel.swift; sourceTree = "<group>"; };
		92D519DA2D4EAB2B0054C548 /* LongPressButtonView.swift */ = {isa = PBXFileReference; lastKnownFileType = sourcecode.swift; path = LongPressButtonView.swift; sourceTree = "<group>"; };
		92E68EE82BEA874A00CFDF89 /* GlassView.swift */ = {isa = PBXFileReference; lastKnownFileType = sourcecode.swift; path = GlassView.swift; sourceTree = "<group>"; };
		92E68EEA2BEB778900CFDF89 /* ResourceItemView.swift */ = {isa = PBXFileReference; lastKnownFileType = sourcecode.swift; path = ResourceItemView.swift; sourceTree = "<group>"; };
		92E68EEC2BEB849700CFDF89 /* NewWordView.swift */ = {isa = PBXFileReference; lastKnownFileType = sourcecode.swift; path = NewWordView.swift; sourceTree = "<group>"; };
		92E68EEE2BEB84A900CFDF89 /* NewLinkView.swift */ = {isa = PBXFileReference; lastKnownFileType = sourcecode.swift; path = NewLinkView.swift; sourceTree = "<group>"; };
		92E68EF02BEB883A00CFDF89 /* GlassTextFieldView.swift */ = {isa = PBXFileReference; lastKnownFileType = sourcecode.swift; path = GlassTextFieldView.swift; sourceTree = "<group>"; };
		92E68EF22BEB93AF00CFDF89 /* FlagPickerView.swift */ = {isa = PBXFileReference; lastKnownFileType = sourcecode.swift; path = FlagPickerView.swift; sourceTree = "<group>"; };
		92E68EF42BEB9BDE00CFDF89 /* CardsViewModel.swift */ = {isa = PBXFileReference; lastKnownFileType = sourcecode.swift; path = CardsViewModel.swift; sourceTree = "<group>"; };
		92E68EF62BEB9F2200CFDF89 /* ModalHandler.swift */ = {isa = PBXFileReference; lastKnownFileType = sourcecode.swift; path = ModalHandler.swift; sourceTree = "<group>"; };
		92E68EF82BEBE21D00CFDF89 /* ResourcesViewModel.swift */ = {isa = PBXFileReference; lastKnownFileType = sourcecode.swift; path = ResourcesViewModel.swift; sourceTree = "<group>"; };
/* End PBXFileReference section */

/* Begin PBXFrameworksBuildPhase section */
		920B5CEF2BBD72300070E2BC /* Frameworks */ = {
			isa = PBXFrameworksBuildPhase;
			buildActionMask = 2147483647;
			files = (
				92A537BB2BFE2A01000F77C6 /* Pow in Frameworks */,
			);
			runOnlyForDeploymentPostprocessing = 0;
		};
/* End PBXFrameworksBuildPhase section */

/* Begin PBXGroup section */
		920B5CE92BBD72300070E2BC = {
			isa = PBXGroup;
			children = (
				92805D722C3BC97A00F69ED6 /* README.md */,
				92805D742C3BC98300F69ED6 /* screenshots */,
				920B5CF42BBD72300070E2BC /* CartesDeMots */,
				920B5CF32BBD72300070E2BC /* Products */,
				928AD8972F0964E200F58694 /* LexiSwipe.icon */,
			);
			sourceTree = "<group>";
		};
		920B5CF32BBD72300070E2BC /* Products */ = {
			isa = PBXGroup;
			children = (
				920B5CF22BBD72300070E2BC /* CartesDeMots.app */,
			);
			name = Products;
			sourceTree = "<group>";
		};
		920B5CF42BBD72300070E2BC /* CartesDeMots */ = {
			isa = PBXGroup;
			children = (
				9246E7DF2C3AEA9D0003614C /* CartesDeMotsRelease.entitlements */,
				92C3AF082C318F7900A49AFF /* Info.plist */,
				92C3AF072C318E1B00A49AFF /* CartesDeMots.entitlements */,
				920B5D052BBD72430070E2BC /* ViewModel */,
				920B5D042BBD723E0070E2BC /* View */,
				920B5D032BBD72380070E2BC /* Model */,
				9291E5D92C36BC2600DA3383 /* Utilities */,
				920B5CF52BBD72300070E2BC /* CartesDeMotsApp.swift */,
				920B5CF92BBD72310070E2BC /* Assets.xcassets */,
				920B5CFB2BBD72310070E2BC /* Preview Content */,
				921ED5FA2C3A760C00EDE003 /* Localizable.strings */,
			);
			path = CartesDeMots;
			sourceTree = "<group>";
		};
		920B5CFB2BBD72310070E2BC /* Preview Content */ = {
			isa = PBXGroup;
			children = (
				920B5CFC2BBD72310070E2BC /* Preview Assets.xcassets */,
			);
			path = "Preview Content";
			sourceTree = "<group>";
		};
		920B5D032BBD72380070E2BC /* Model */ = {
			isa = PBXGroup;
			children = (
				92545E8A2BFF57C000071E57 /* Card.swift */,
				92C3AF092C31A93E00A49AFF /* Resource.swift */,
				924064722C35C6D800BBA95B /* Settings.swift */,
				920B5D082BBD75380070E2BC /* Tab.swift */,
				92E68EF62BEB9F2200CFDF89 /* ModalHandler.swift */,
			);
			path = Model;
			sourceTree = "<group>";
		};
		920B5D042BBD723E0070E2BC /* View */ = {
			isa = PBXGroup;
			children = (
				920B5CF72BBD72300070E2BC /* ContentView.swift */,
				920B5D062BBD74890070E2BC /* MainTabView.swift */,
				920B5D0E2BBDCDF40070E2BC /* CardsView.swift */,
				920B5D122BBED8EC0070E2BC /* LearnView.swift */,
				920B5D142BBED94A0070E2BC /* ResourcesView.swift */,
				920B5D162BBED95A0070E2BC /* SettingsView.swift */,
				921D6E7A2F0A5A7B00356C15 /* SearchView.swift */,
				921D6E742F09B02F00356C15 /* MoreAppsView.swift */,
				921D6E762F09B07700356C15 /* HowToUseView.swift */,
				92E68EEC2BEB849700CFDF89 /* NewWordView.swift */,
				92E68EEE2BEB84A900CFDF89 /* NewLinkView.swift */,
				920B5D102BBEA9F90070E2BC /* CardItemView.swift */,
				92E68EEA2BEB778900CFDF89 /* ResourceItemView.swift */,
				920B5D0A2BBD924C0070E2BC /* TabBarItemView.swift */,
				92E68EE82BEA874A00CFDF89 /* GlassView.swift */,
				92D519DA2D4EAB2B0054C548 /* LongPressButtonView.swift */,
				92E68EF02BEB883A00CFDF89 /* GlassTextFieldView.swift */,
				92E68EF22BEB93AF00CFDF89 /* FlagPickerView.swift */,
			);
			path = View;
			sourceTree = "<group>";
		};
		920B5D052BBD72430070E2BC /* ViewModel */ = {
			isa = PBXGroup;
			children = (
				92E68EF42BEB9BDE00CFDF89 /* CardsViewModel.swift */,
				92E68EF82BEBE21D00CFDF89 /* ResourcesViewModel.swift */,
				92C3AF0B2C31CECF00A49AFF /* LearnViewModel.swift */,
			);
			path = ViewModel;
			sourceTree = "<group>";
		};
		92805D742C3BC98300F69ED6 /* screenshots */ = {
			isa = PBXGroup;
			children = (
			);
			path = screenshots;
			sourceTree = "<group>";
		};
		9291E5D92C36BC2600DA3383 /* Utilities */ = {
			isa = PBXGroup;
			children = (
				9291E5D72C36BC1F00DA3383 /* HapticManager.swift */,
			);
			path = Utilities;
			sourceTree = "<group>";
		};
/* End PBXGroup section */

/* Begin PBXNativeTarget section */
		920B5CF12BBD72300070E2BC /* CartesDeMots */ = {
			isa = PBXNativeTarget;
			buildConfigurationList = 920B5D002BBD72310070E2BC /* Build configuration list for PBXNativeTarget "CartesDeMots" */;
			buildPhases = (
				920B5CEE2BBD72300070E2BC /* Sources */,
				920B5CEF2BBD72300070E2BC /* Frameworks */,
				920B5CF02BBD72300070E2BC /* Resources */,
			);
			buildRules = (
			);
			dependencies = (
			);
			name = CartesDeMots;
			packageProductDependencies = (
				92A537BA2BFE2A01000F77C6 /* Pow */,
			);
			productName = CartesDeMots;
			productReference = 920B5CF22BBD72300070E2BC /* CartesDeMots.app */;
			productType = "com.apple.product-type.application";
		};
/* End PBXNativeTarget section */

/* Begin PBXProject section */
		920B5CEA2BBD72300070E2BC /* Project object */ = {
			isa = PBXProject;
			attributes = {
				BuildIndependentTargetsInParallel = 1;
				LastSwiftUpdateCheck = 1530;
				LastUpgradeCheck = 1610;
				TargetAttributes = {
					920B5CF12BBD72300070E2BC = {
						CreatedOnToolsVersion = 15.3;
					};
				};
			};
			buildConfigurationList = 920B5CED2BBD72300070E2BC /* Build configuration list for PBXProject "CartesDeMots" */;
			compatibilityVersion = "Xcode 14.0";
			developmentRegion = en;
			hasScannedForEncodings = 0;
			knownRegions = (
				en,
				Base,
				ru,
				fr,
			);
			mainGroup = 920B5CE92BBD72300070E2BC;
			packageReferences = (
				92A537B92BFE2A01000F77C6 /* XCRemoteSwiftPackageReference "Pow" */,
			);
			productRefGroup = 920B5CF32BBD72300070E2BC /* Products */;
			projectDirPath = "";
			projectRoot = "";
			targets = (
				920B5CF12BBD72300070E2BC /* CartesDeMots */,
			);
		};
/* End PBXProject section */

/* Begin PBXResourcesBuildPhase section */
		920B5CF02BBD72300070E2BC /* Resources */ = {
			isa = PBXResourcesBuildPhase;
			buildActionMask = 2147483647;
			files = (
				928AD8982F0964E200F58694 /* LexiSwipe.icon in Resources */,
				920B5CFD2BBD72310070E2BC /* Preview Assets.xcassets in Resources */,
				921ED5FC2C3A760C00EDE003 /* Localizable.strings in Resources */,
				92805D732C3BC97A00F69ED6 /* README.md in Resources */,
				920B5CFA2BBD72310070E2BC /* Assets.xcassets in Resources */,
			);
			runOnlyForDeploymentPostprocessing = 0;
		};
/* End PBXResourcesBuildPhase section */

/* Begin PBXSourcesBuildPhase section */
		920B5CEE2BBD72300070E2BC /* Sources */ = {
			isa = PBXSourcesBuildPhase;
			buildActionMask = 2147483647;
			files = (
				920B5D152BBED94A0070E2BC /* ResourcesView.swift in Sources */,
				92E68EF52BEB9BDE00CFDF89 /* CardsViewModel.swift in Sources */,
				920B5CF82BBD72300070E2BC /* ContentView.swift in Sources */,
				92E68EF32BEB93AF00CFDF89 /* FlagPickerView.swift in Sources */,
				92E68EED2BEB849700CFDF89 /* NewWordView.swift in Sources */,
				920B5D112BBEA9F90070E2BC /* CardItemView.swift in Sources */,
				92C3AF0A2C31A93E00A49AFF /* Resource.swift in Sources */,
				92E68EF72BEB9F2200CFDF89 /* ModalHandler.swift in Sources */,
				924064732C35C6D800BBA95B /* Settings.swift in Sources */,
				92545E8B2BFF57C000071E57 /* Card.swift in Sources */,
				9291E5D82C36BC1F00DA3383 /* HapticManager.swift in Sources */,
				92E68EF92BEBE21D00CFDF89 /* ResourcesViewModel.swift in Sources */,
				92E68EEB2BEB778900CFDF89 /* ResourceItemView.swift in Sources */,
				92D519DB2D4EAB3B0054C548 /* LongPressButtonView.swift in Sources */,
				92E68EEF2BEB84A900CFDF89 /* NewLinkView.swift in Sources */,
				92E68EF12BEB883A00CFDF89 /* GlassTextFieldView.swift in Sources */,
				92C3AF0C2C31CECF00A49AFF /* LearnViewModel.swift in Sources */,
				920B5D132BBED8EC0070E2BC /* LearnView.swift in Sources */,
				920B5CF62BBD72300070E2BC /* CartesDeMotsApp.swift in Sources */,
				920B5D172BBED95A0070E2BC /* SettingsView.swift in Sources */,
				920B5D0F2BBDCDF40070E2BC /* CardsView.swift in Sources */,
				921D6E772F09B07700356C15 /* HowToUseView.swift in Sources */,
				920B5D072BBD74890070E2BC /* MainTabView.swift in Sources */,
				92E68EE92BEA874A00CFDF89 /* GlassView.swift in Sources */,
				921D6E7B2F0A5A7B00356C15 /* SearchView.swift in Sources */,
				920B5D0B2BBD924C0070E2BC /* TabBarItemView.swift in Sources */,
				920B5D092BBD75380070E2BC /* Tab.swift in Sources */,
				921D6E752F09B02F00356C15 /* MoreAppsView.swift in Sources */,
			);
			runOnlyForDeploymentPostprocessing = 0;
		};
/* End PBXSourcesBuildPhase section */

/* Begin PBXVariantGroup section */
		921ED5FA2C3A760C00EDE003 /* Localizable.strings */ = {
			isa = PBXVariantGroup;
			children = (
				921ED5FB2C3A760C00EDE003 /* en */,
				921ED5FD2C3A76A900EDE003 /* fr */,
				921ED5FE2C3A76AA00EDE003 /* ru */,
			);
			name = Localizable.strings;
			sourceTree = "<group>";
		};
/* End PBXVariantGroup section */

/* Begin XCBuildConfiguration section */
		920B5CFE2BBD72310070E2BC /* Debug */ = {
			isa = XCBuildConfiguration;
			buildSettings = {
				ALWAYS_SEARCH_USER_PATHS = NO;
				ASSETCATALOG_COMPILER_GENERATE_SWIFT_ASSET_SYMBOL_EXTENSIONS = YES;
				CLANG_ANALYZER_LOCALIZABILITY_NONLOCALIZED = YES;
				CLANG_ANALYZER_NONNULL = YES;
				CLANG_ANALYZER_NUMBER_OBJECT_CONVERSION = YES_AGGRESSIVE;
				CLANG_CXX_LANGUAGE_STANDARD = "gnu++20";
				CLANG_ENABLE_MODULES = YES;
				CLANG_ENABLE_OBJC_ARC = YES;
				CLANG_ENABLE_OBJC_WEAK = YES;
				CLANG_WARN_BLOCK_CAPTURE_AUTORELEASING = YES;
				CLANG_WARN_BOOL_CONVERSION = YES;
				CLANG_WARN_COMMA = YES;
				CLANG_WARN_CONSTANT_CONVERSION = YES;
				CLANG_WARN_DEPRECATED_OBJC_IMPLEMENTATIONS = YES;
				CLANG_WARN_DIRECT_OBJC_ISA_USAGE = YES_ERROR;
				CLANG_WARN_DOCUMENTATION_COMMENTS = YES;
				CLANG_WARN_EMPTY_BODY = YES;
				CLANG_WARN_ENUM_CONVERSION = YES;
				CLANG_WARN_INFINITE_RECURSION = YES;
				CLANG_WARN_INT_CONVERSION = YES;
				CLANG_WARN_NON_LITERAL_NULL_CONVERSION = YES;
				CLANG_WARN_OBJC_IMPLICIT_RETAIN_SELF = YES;
				CLANG_WARN_OBJC_LITERAL_CONVERSION = YES;
				CLANG_WARN_OBJC_ROOT_CLASS = YES_ERROR;
				CLANG_WARN_QUOTED_INCLUDE_IN_FRAMEWORK_HEADER = YES;
				CLANG_WARN_RANGE_LOOP_ANALYSIS = YES;
				CLANG_WARN_STRICT_PROTOTYPES = YES;
				CLANG_WARN_SUSPICIOUS_MOVE = YES;
				CLANG_WARN_UNGUARDED_AVAILABILITY = YES_AGGRESSIVE;
				CLANG_WARN_UNREACHABLE_CODE = YES;
				CLANG_WARN__DUPLICATE_METHOD_MATCH = YES;
				COPY_PHASE_STRIP = NO;
				DEBUG_INFORMATION_FORMAT = dwarf;
				ENABLE_STRICT_OBJC_MSGSEND = YES;
				ENABLE_TESTABILITY = YES;
				ENABLE_USER_SCRIPT_SANDBOXING = YES;
				GCC_C_LANGUAGE_STANDARD = gnu17;
				GCC_DYNAMIC_NO_PIC = NO;
				GCC_NO_COMMON_BLOCKS = YES;
				GCC_OPTIMIZATION_LEVEL = 0;
				GCC_PREPROCESSOR_DEFINITIONS = (
					"DEBUG=1",
					"$(inherited)",
				);
				GCC_WARN_64_TO_32_BIT_CONVERSION = YES;
				GCC_WARN_ABOUT_RETURN_TYPE = YES_ERROR;
				GCC_WARN_UNDECLARED_SELECTOR = YES;
				GCC_WARN_UNINITIALIZED_AUTOS = YES_AGGRESSIVE;
				GCC_WARN_UNUSED_FUNCTION = YES;
				GCC_WARN_UNUSED_VARIABLE = YES;
				IPHONEOS_DEPLOYMENT_TARGET = 17.0;
				LOCALIZATION_PREFERS_STRING_CATALOGS = YES;
				MTL_ENABLE_DEBUG_INFO = INCLUDE_SOURCE;
				MTL_FAST_MATH = YES;
				ONLY_ACTIVE_ARCH = YES;
				SDKROOT = iphoneos;
				SWIFT_ACTIVE_COMPILATION_CONDITIONS = "DEBUG $(inherited)";
				SWIFT_OPTIMIZATION_LEVEL = "-Onone";
			};
			name = Debug;
		};
		920B5CFF2BBD72310070E2BC /* Release */ = {
			isa = XCBuildConfiguration;
			buildSettings = {
				ALWAYS_SEARCH_USER_PATHS = NO;
				ASSETCATALOG_COMPILER_GENERATE_SWIFT_ASSET_SYMBOL_EXTENSIONS = YES;
				CLANG_ANALYZER_LOCALIZABILITY_NONLOCALIZED = YES;
				CLANG_ANALYZER_NONNULL = YES;
				CLANG_ANALYZER_NUMBER_OBJECT_CONVERSION = YES_AGGRESSIVE;
				CLANG_CXX_LANGUAGE_STANDARD = "gnu++20";
				CLANG_ENABLE_MODULES = YES;
				CLANG_ENABLE_OBJC_ARC = YES;
				CLANG_ENABLE_OBJC_WEAK = YES;
				CLANG_WARN_BLOCK_CAPTURE_AUTORELEASING = YES;
				CLANG_WARN_BOOL_CONVERSION = YES;
				CLANG_WARN_COMMA = YES;
				CLANG_WARN_CONSTANT_CONVERSION = YES;
				CLANG_WARN_DEPRECATED_OBJC_IMPLEMENTATIONS = YES;
				CLANG_WARN_DIRECT_OBJC_ISA_USAGE = YES_ERROR;
				CLANG_WARN_DOCUMENTATION_COMMENTS = YES;
				CLANG_WARN_EMPTY_BODY = YES;
				CLANG_WARN_ENUM_CONVERSION = YES;
				CLANG_WARN_INFINITE_RECURSION = YES;
				CLANG_WARN_INT_CONVERSION = YES;
				CLANG_WARN_NON_LITERAL_NULL_CONVERSION = YES;
				CLANG_WARN_OBJC_IMPLICIT_RETAIN_SELF = YES;
				CLANG_WARN_OBJC_LITERAL_CONVERSION = YES;
				CLANG_WARN_OBJC_ROOT_CLASS = YES_ERROR;
				CLANG_WARN_QUOTED_INCLUDE_IN_FRAMEWORK_HEADER = YES;
				CLANG_WARN_RANGE_LOOP_ANALYSIS = YES;
				CLANG_WARN_STRICT_PROTOTYPES = YES;
				CLANG_WARN_SUSPICIOUS_MOVE = YES;
				CLANG_WARN_UNGUARDED_AVAILABILITY = YES_AGGRESSIVE;
				CLANG_WARN_UNREACHABLE_CODE = YES;
				CLANG_WARN__DUPLICATE_METHOD_MATCH = YES;
				COPY_PHASE_STRIP = NO;
				DEBUG_INFORMATION_FORMAT = "dwarf-with-dsym";
				ENABLE_NS_ASSERTIONS = NO;
				ENABLE_STRICT_OBJC_MSGSEND = YES;
				ENABLE_USER_SCRIPT_SANDBOXING = YES;
				GCC_C_LANGUAGE_STANDARD = gnu17;
				GCC_NO_COMMON_BLOCKS = YES;
				GCC_WARN_64_TO_32_BIT_CONVERSION = YES;
				GCC_WARN_ABOUT_RETURN_TYPE = YES_ERROR;
				GCC_WARN_UNDECLARED_SELECTOR = YES;
				GCC_WARN_UNINITIALIZED_AUTOS = YES_AGGRESSIVE;
				GCC_WARN_UNUSED_FUNCTION = YES;
				GCC_WARN_UNUSED_VARIABLE = YES;
				IPHONEOS_DEPLOYMENT_TARGET = 17.0;
				LOCALIZATION_PREFERS_STRING_CATALOGS = YES;
				MTL_ENABLE_DEBUG_INFO = NO;
				MTL_FAST_MATH = YES;
				SDKROOT = iphoneos;
				SWIFT_COMPILATION_MODE = wholemodule;
				VALIDATE_PRODUCT = YES;
			};
			name = Release;
		};
		920B5D012BBD72310070E2BC /* Debug */ = {
			isa = XCBuildConfiguration;
			buildSettings = {
				ASSETCATALOG_COMPILER_APPICON_NAME = LexiSwipe;
				ASSETCATALOG_COMPILER_GLOBAL_ACCENT_COLOR_NAME = AccentColor;
				CODE_SIGN_ENTITLEMENTS = CartesDeMots/CartesDeMots.entitlements;
				CODE_SIGN_STYLE = Automatic;
				CURRENT_PROJECT_VERSION = 1;
				DEVELOPMENT_ASSET_PATHS = "\"CartesDeMots/Preview Content\"";
				DEVELOPMENT_TEAM = BQRU8RM77X;
				ENABLE_PREVIEWS = YES;
				GENERATE_INFOPLIST_FILE = YES;
				INFOPLIST_FILE = CartesDeMots/Info.plist;
				INFOPLIST_KEY_CFBundleDisplayName = LexiSwipe;
				INFOPLIST_KEY_LSApplicationCategoryType = "public.app-category.education";
				INFOPLIST_KEY_UIApplicationSceneManifest_Generation = YES;
				INFOPLIST_KEY_UIApplicationSupportsIndirectInputEvents = YES;
				INFOPLIST_KEY_UILaunchScreen_Generation = YES;
				INFOPLIST_KEY_UIRequiresFullScreen = YES;
				INFOPLIST_KEY_UISupportedInterfaceOrientations = UIInterfaceOrientationPortrait;
				LD_RUNPATH_SEARCH_PATHS = (
					"$(inherited)",
					"@executable_path/Frameworks",
				);
				MARKETING_VERSION = 2.0;
				PRODUCT_BUNDLE_IDENTIFIER = art.lapov.CartesDeMots;
				PRODUCT_NAME = "$(TARGET_NAME)";
				SUPPORTED_PLATFORMS = "iphoneos iphonesimulator";
				SUPPORTS_MACCATALYST = NO;
				SUPPORTS_MAC_DESIGNED_FOR_IPHONE_IPAD = NO;
				SUPPORTS_XR_DESIGNED_FOR_IPHONE_IPAD = NO;
				SWIFT_EMIT_LOC_STRINGS = YES;
				SWIFT_VERSION = 5.0;
				TARGETED_DEVICE_FAMILY = 1;
			};
			name = Debug;
		};
		920B5D022BBD72310070E2BC /* Release */ = {
			isa = XCBuildConfiguration;
			buildSettings = {
				ASSETCATALOG_COMPILER_APPICON_NAME = LexiSwipe;
				ASSETCATALOG_COMPILER_GLOBAL_ACCENT_COLOR_NAME = AccentColor;
				CODE_SIGN_ENTITLEMENTS = CartesDeMots/CartesDeMotsRelease.entitlements;
				CODE_SIGN_IDENTITY = "Apple Development";
				CODE_SIGN_STYLE = Automatic;
				CURRENT_PROJECT_VERSION = 1;
				DEVELOPMENT_ASSET_PATHS = "\"CartesDeMots/Preview Content\"";
				DEVELOPMENT_TEAM = BQRU8RM77X;
				ENABLE_PREVIEWS = YES;
				GENERATE_INFOPLIST_FILE = YES;
				INFOPLIST_FILE = CartesDeMots/Info.plist;
				INFOPLIST_KEY_CFBundleDisplayName = LexiSwipe;
				INFOPLIST_KEY_LSApplicationCategoryType = "public.app-category.education";
				INFOPLIST_KEY_UIApplicationSceneManifest_Generation = YES;
				INFOPLIST_KEY_UIApplicationSupportsIndirectInputEvents = YES;
				INFOPLIST_KEY_UILaunchScreen_Generation = YES;
				INFOPLIST_KEY_UIRequiresFullScreen = YES;
				INFOPLIST_KEY_UISupportedInterfaceOrientations = UIInterfaceOrientationPortrait;
				LD_RUNPATH_SEARCH_PATHS = (
					"$(inherited)",
					"@executable_path/Frameworks",
				);
				MARKETING_VERSION = 2.0;
				PRODUCT_BUNDLE_IDENTIFIER = art.lapov.CartesDeMots;
				PRODUCT_NAME = "$(TARGET_NAME)";
				PROVISIONING_PROFILE_SPECIFIER = "";
				SUPPORTED_PLATFORMS = "iphoneos iphonesimulator";
				SUPPORTS_MACCATALYST = NO;
				SUPPORTS_MAC_DESIGNED_FOR_IPHONE_IPAD = NO;
				SUPPORTS_XR_DESIGNED_FOR_IPHONE_IPAD = NO;
				SWIFT_EMIT_LOC_STRINGS = YES;
				SWIFT_VERSION = 5.0;
				TARGETED_DEVICE_FAMILY = 1;
			};
			name = Release;
		};
/* End XCBuildConfiguration section */

/* Begin XCConfigurationList section */
		920B5CED2BBD72300070E2BC /* Build configuration list for PBXProject "CartesDeMots" */ = {
			isa = XCConfigurationList;
			buildConfigurations = (
				920B5CFE2BBD72310070E2BC /* Debug */,
				920B5CFF2BBD72310070E2BC /* Release */,
			);
			defaultConfigurationIsVisible = 0;
			defaultConfigurationName = Release;
		};
		920B5D002BBD72310070E2BC /* Build configuration list for PBXNativeTarget "CartesDeMots" */ = {
			isa = XCConfigurationList;
			buildConfigurations = (
				920B5D012BBD72310070E2BC /* Debug */,
				920B5D022BBD72310070E2BC /* Release */,
			);
			defaultConfigurationIsVisible = 0;
			defaultConfigurationName = Release;
		};
/* End XCConfigurationList section */

/* Begin XCRemoteSwiftPackageReference section */
		92A537B92BFE2A01000F77C6 /* XCRemoteSwiftPackageReference "Pow" */ = {
			isa = XCRemoteSwiftPackageReference;
			repositoryURL = "https://github.com/EmergeTools/Pow";
			requirement = {
				kind = upToNextMinorVersion;
				minimumVersion = 1.0.4;
			};
		};
/* End XCRemoteSwiftPackageReference section */

/* Begin XCSwiftPackageProductDependency section */
		92A537BA2BFE2A01000F77C6 /* Pow */ = {
			isa = XCSwiftPackageProductDependency;
			package = 92A537B92BFE2A01000F77C6 /* XCRemoteSwiftPackageReference "Pow" */;
			productName = Pow;
		};
/* End XCSwiftPackageProductDependency section */
	};
	rootObject = 920B5CEA2BBD72300070E2BC /* Project object */;
}
