{
  "originHash" : "ad2571106299969bc8c78dbd19c0d3b3e70730d6d17777fc50f70323a5c3d845",
  "pins" : [
    {
      "identity" : "pow",
      "kind" : "remoteSourceControl",
      "location" : "https://github.com/EmergeTools/Pow",
      "state" : {
        "revision" : "1b4b1dda28c50b95f0872927ee2226fe8b58950e",
        "version" : "1.0.6"
      }
    }
  ],
  "version" : 3
}
