{
  "originHash" : "ad2571106299969bc8c78dbd19c0d3b3e70730d6d17777fc50f70323a5c3d845",
  "pins" : [
    {
      "identity" : "pow",
      "kind" : "remoteSourceControl",
      "location" : "https://github.com/EmergeTools/Pow",
      "state" : {
        "revision" : "a504eb6d144bcf49f4f33029a2795345cb39e6b4",
        "version" : "1.0.5"
      }
    }
  ],
  "version" : 3
}
